
Microsoft Visual Studio Solution File, Format Version 12.00
# Visual Studio Version 16
VisualStudioVersion = 16.0.31515.178
MinimumVisualStudioVersion = 10.0.40219.1
Project("{FAE04EC0-301F-11D3-BF4B-00C04F79EFBC}") = "RegistroEmpleado", "RegistroEmpleado.csproj", "{5DDBE1E7-B660-44D2-9E5B-7D5A1103B8D9}"
EndProject
Global
	GlobalSection(SolutionConfigurationPlatforms) = preSolution
		Debug|Any CPU = Debug|Any CPU
		Release|Any CPU = Release|Any CPU
	EndGlobalSection
	GlobalSection(ProjectConfigurationPlatforms) = postSolution
		{5DDBE1E7-B660-44D2-9E5B-7D5A1103B8D9}.Debug|Any CPU.ActiveCfg = Debug|Any CPU
		{5DDBE1E7-B660-44D2-9E5B-7D5A1103B8D9}.Debug|Any CPU.Build.0 = Debug|Any CPU
		{5DDBE1E7-B660-44D2-9E5B-7D5A1103B8D9}.Release|Any CPU.ActiveCfg = Release|Any CPU
		{5DDBE1E7-B660-44D2-9E5B-7D5A1103B8D9}.Release|Any CPU.Build.0 = Release|Any CPU
	EndGlobalSection
	GlobalSection(SolutionProperties) = preSolution
		HideSolutionNode = FALSE
	EndGlobalSection
	GlobalSection(ExtensibilityGlobals) = postSolution
		SolutionGuid = {FDDD7389-B396-45E3-91E9-951F5A528338}
	EndGlobalSection
EndGlobal
